{
  "name": "@corbet-labs/cmsg",
  "version": "0.1.0-alpha.1",
  "lockfileVersion": 3,
  "requires": true,
  "packages": {
    "": {
      "name": "@corbet-labs/cmsg",
      "version": "0.1.0-alpha.1",
      "license": "SEE LICENSE IN LICENSE.md",
      "peerDependencies": {
        "tor-js": "0.4.1 || >=0.4.1-cmsg-experiment.0 <0.4.1"
      },
      "peerDependenciesMeta": {
        "tor-js": {
          "optional": true
        }
      }
    }
  }
}
